
Microsoft Visual Studio Solution File, Format Version 12.00
# Visual Studio 15
Project("{FAE04EC0-301F-11D3-BF4B-00C04F79EFBC}") = "Assembly-CSharp", "Assembly-CSharp.csproj", "{3EDBFA47-7811-7E0E-4B7B-589AC6A575C8}"
EndProject
Project("{FAE04EC0-301F-11D3-BF4B-00C04F79EFBC}") = "NavMeshComponents", "NavMeshComponents.csproj", "{80A1299B-F4B0-B11E-9903-ECAAC0B1C063}"
EndProject
Project("{FAE04EC0-301F-11D3-BF4B-00C04F79EFBC}") = "NavMeshComponentsEditor", "NavMeshComponentsEditor.csproj", "{1B1C36DE-54FB-5B37-AE49-EF0F66DCF6AF}"
EndProject
Global
	GlobalSection(SolutionConfigurationPlatforms) = preSolution
		Debug|Any CPU = Debug|Any CPU
		Release|Any CPU = Release|Any CPU
	EndGlobalSection
	GlobalSection(ProjectConfigurationPlatforms) = postSolution
		{3EDBFA47-7811-7E0E-4B7B-589AC6A575C8}.Debug|Any CPU.ActiveCfg = Debug|Any CPU
		{3EDBFA47-7811-7E0E-4B7B-589AC6A575C8}.Debug|Any CPU.Build.0 = Debug|Any CPU
		{3EDBFA47-7811-7E0E-4B7B-589AC6A575C8}.Release|Any CPU.ActiveCfg = Release|Any CPU
		{3EDBFA47-7811-7E0E-4B7B-589AC6A575C8}.Release|Any CPU.Build.0 = Release|Any CPU
		{80A1299B-F4B0-B11E-9903-ECAAC0B1C063}.Debug|Any CPU.ActiveCfg = Debug|Any CPU
		{80A1299B-F4B0-B11E-9903-ECAAC0B1C063}.Debug|Any CPU.Build.0 = Debug|Any CPU
		{80A1299B-F4B0-B11E-9903-ECAAC0B1C063}.Release|Any CPU.ActiveCfg = Release|Any CPU
		{80A1299B-F4B0-B11E-9903-ECAAC0B1C063}.Release|Any CPU.Build.0 = Release|Any CPU
		{1B1C36DE-54FB-5B37-AE49-EF0F66DCF6AF}.Debug|Any CPU.ActiveCfg = Debug|Any CPU
		{1B1C36DE-54FB-5B37-AE49-EF0F66DCF6AF}.Debug|Any CPU.Build.0 = Debug|Any CPU
		{1B1C36DE-54FB-5B37-AE49-EF0F66DCF6AF}.Release|Any CPU.ActiveCfg = Release|Any CPU
		{1B1C36DE-54FB-5B37-AE49-EF0F66DCF6AF}.Release|Any CPU.Build.0 = Release|Any CPU
	EndGlobalSection
	GlobalSection(SolutionProperties) = preSolution
		HideSolutionNode = FALSE
	EndGlobalSection
EndGlobal
